
Microsoft Visual Studio Solution File, Format Version 12.00
# Visual Studio Version 17
VisualStudioVersion = 17.7.34031.279
MinimumVisualStudioVersion = 10.0.40219.1
Project("{FAE04EC0-301F-11D3-BF4B-00C04F79EFBC}") = "PassMaui", "PassMaui\PassMaui.csproj", "{0D201C64-D3ED-4DF9-90CE-C36E0AF33DAD}"
EndProject
Global
	GlobalSection(SolutionConfigurationPlatforms) = preSolution
		Debug|Any CPU = Debug|Any CPU
		Release|Any CPU = Release|Any CPU
	EndGlobalSection
	GlobalSection(ProjectConfigurationPlatforms) = postSolution
		{0D201C64-D3ED-4DF9-90CE-C36E0AF33DAD}.Debug|Any CPU.ActiveCfg = Debug|Any CPU
		{0D201C64-D3ED-4DF9-90CE-C36E0AF33DAD}.Debug|Any CPU.Build.0 = Debug|Any CPU
		{0D201C64-D3ED-4DF9-90CE-C36E0AF33DAD}.Debug|Any CPU.Deploy.0 = Debug|Any CPU
		{0D201C64-D3ED-4DF9-90CE-C36E0AF33DAD}.Release|Any CPU.ActiveCfg = Release|Any CPU
		{0D201C64-D3ED-4DF9-90CE-C36E0AF33DAD}.Release|Any CPU.Build.0 = Release|Any CPU
		{0D201C64-D3ED-4DF9-90CE-C36E0AF33DAD}.Release|Any CPU.Deploy.0 = Release|Any CPU
	EndGlobalSection
	GlobalSection(SolutionProperties) = preSolution
		HideSolutionNode = FALSE
	EndGlobalSection
	GlobalSection(ExtensibilityGlobals) = postSolution
		SolutionGuid = {638FA01C-3F81-4551-B3F2-16CEF482068C}
	EndGlobalSection
EndGlobal
